
Microsoft Visual Studio Solution File, Format Version 12.00
# Visual Studio Version 17
VisualStudioVersion = 17.7.34031.279
MinimumVisualStudioVersion = 10.0.40219.1
Project("{FAE04EC0-301F-11D3-BF4B-00C04F79EFBC}") = "NextAmongUsLauncher", "NextAmongUsLauncher\NextAmongUsLauncher.csproj", "{50A7162F-4EC1-4530-B07F-B3DB2E53A3EA}"
EndProject
Project("{FAE04EC0-301F-11D3-BF4B-00C04F79EFBC}") = "NextAmongUsLauncher.Core", "NextAmongUsLauncher.Core\NextAmongUsLauncher.Core.csproj", "{C6871A71-20EC-4800-A5BF-292683FE2DB6}"
EndProject
Global
	GlobalSection(SolutionConfigurationPlatforms) = preSolution
		Debug|ARM64 = Debug|ARM64
		Debug|x64 = Debug|x64
		Debug|x86 = Debug|x86
		Release|ARM64 = Release|ARM64
		Release|x64 = Release|x64
		Release|x86 = Release|x86
	EndGlobalSection
	GlobalSection(ProjectConfigurationPlatforms) = postSolution
		{50A7162F-4EC1-4530-B07F-B3DB2E53A3EA}.Debug|ARM64.ActiveCfg = Debug|ARM64
		{50A7162F-4EC1-4530-B07F-B3DB2E53A3EA}.Debug|ARM64.Build.0 = Debug|ARM64
		{50A7162F-4EC1-4530-B07F-B3DB2E53A3EA}.Debug|ARM64.Deploy.0 = Debug|ARM64
		{50A7162F-4EC1-4530-B07F-B3DB2E53A3EA}.Debug|x64.ActiveCfg = Debug|x64
		{50A7162F-4EC1-4530-B07F-B3DB2E53A3EA}.Debug|x64.Build.0 = Debug|x64
		{50A7162F-4EC1-4530-B07F-B3DB2E53A3EA}.Debug|x64.Deploy.0 = Debug|x64
		{50A7162F-4EC1-4530-B07F-B3DB2E53A3EA}.Debug|x86.ActiveCfg = Debug|x86
		{50A7162F-4EC1-4530-B07F-B3DB2E53A3EA}.Debug|x86.Build.0 = Debug|x86
		{50A7162F-4EC1-4530-B07F-B3DB2E53A3EA}.Debug|x86.Deploy.0 = Debug|x86
		{50A7162F-4EC1-4530-B07F-B3DB2E53A3EA}.Release|ARM64.ActiveCfg = Release|ARM64
		{50A7162F-4EC1-4530-B07F-B3DB2E53A3EA}.Release|ARM64.Build.0 = Release|ARM64
		{50A7162F-4EC1-4530-B07F-B3DB2E53A3EA}.Release|ARM64.Deploy.0 = Release|ARM64
		{50A7162F-4EC1-4530-B07F-B3DB2E53A3EA}.Release|x64.ActiveCfg = Release|x64
		{50A7162F-4EC1-4530-B07F-B3DB2E53A3EA}.Release|x64.Build.0 = Release|x64
		{50A7162F-4EC1-4530-B07F-B3DB2E53A3EA}.Release|x64.Deploy.0 = Release|x64
		{50A7162F-4EC1-4530-B07F-B3DB2E53A3EA}.Release|x86.ActiveCfg = Release|x86
		{50A7162F-4EC1-4530-B07F-B3DB2E53A3EA}.Release|x86.Build.0 = Release|x86
		{50A7162F-4EC1-4530-B07F-B3DB2E53A3EA}.Release|x86.Deploy.0 = Release|x86
		{C6871A71-20EC-4800-A5BF-292683FE2DB6}.Debug|ARM64.ActiveCfg = Debug|Any CPU
		{C6871A71-20EC-4800-A5BF-292683FE2DB6}.Debug|ARM64.Build.0 = Debug|Any CPU
		{C6871A71-20EC-4800-A5BF-292683FE2DB6}.Debug|x64.ActiveCfg = Debug|Any CPU
		{C6871A71-20EC-4800-A5BF-292683FE2DB6}.Debug|x64.Build.0 = Debug|Any CPU
		{C6871A71-20EC-4800-A5BF-292683FE2DB6}.Debug|x86.ActiveCfg = Debug|Any CPU
		{C6871A71-20EC-4800-A5BF-292683FE2DB6}.Debug|x86.Build.0 = Debug|Any CPU
		{C6871A71-20EC-4800-A5BF-292683FE2DB6}.Release|ARM64.ActiveCfg = Release|Any CPU
		{C6871A71-20EC-4800-A5BF-292683FE2DB6}.Release|ARM64.Build.0 = Release|Any CPU
		{C6871A71-20EC-4800-A5BF-292683FE2DB6}.Release|x64.ActiveCfg = Release|Any CPU
		{C6871A71-20EC-4800-A5BF-292683FE2DB6}.Release|x64.Build.0 = Release|Any CPU
		{C6871A71-20EC-4800-A5BF-292683FE2DB6}.Release|x86.ActiveCfg = Release|Any CPU
		{C6871A71-20EC-4800-A5BF-292683FE2DB6}.Release|x86.Build.0 = Release|Any CPU
	EndGlobalSection
	GlobalSection(SolutionProperties) = preSolution
		HideSolutionNode = FALSE
	EndGlobalSection
	GlobalSection(ExtensibilityGlobals) = postSolution
		SolutionGuid = {367FFFD7-F62C-4E1B-840B-17324079F63C}
	EndGlobalSection
EndGlobal
